{
  "name": "react-simple-pie",
  "version": "1.0.17",
  "lockfileVersion": 1,
  "requires": true,
  "dependencies": {
    "simple-pie": {
      "version": "1.0.1",
      "resolved": "https://registry.npmjs.org/simple-pie/-/simple-pie-1.0.1.tgz",
      "integrity": "sha512-c1mQmYnAuWqO9uYjxXvr2PKty5x2Fv6sIGZkgMX5IYLSCxdQMl3Ey8rYQN574U3lKu9ZPOBx43mUu2kRz6gW+g=="
    }
  }
}
